// !$*UTF8*$!
{
	archiveVersion = 1;
	classes = {
	};
	objectVersion = 46;
	objects = {

/* Begin PBXBuildFile section */
		81266F2B1D8BFC5E00BE87DB /* Customer.m in Sources */ = {isa = PBXBuildFile; fileRef = 81266F1C1D8BFC5E00BE87DB /* Customer.m */; };
		81266F2C1D8BFC5E00BE87DB /* Customer+CoreDataProperties.m in Sources */ = {isa = PBXBuildFile; fileRef = 81266F1E1D8BFC5E00BE87DB /* Customer+CoreDataProperties.m */; };
		81266F2D1D8BFC5E00BE87DB /* Order.m in Sources */ = {isa = PBXBuildFile; fileRef = 81266F201D8BFC5E00BE87DB /* Order.m */; };
		81266F2E1D8BFC5E00BE87DB /* Order+CoreDataProperties.m in Sources */ = {isa = PBXBuildFile; fileRef = 81266F221D8BFC5E00BE87DB /* Order+CoreDataProperties.m */; };
		81266F2F1D8BFC5E00BE87DB /* RowOrder.m in Sources */ = {isa = PBXBuildFile; fileRef = 81266F241D8BFC5E00BE87DB /* RowOrder.m */; };
		81266F301D8BFC5E00BE87DB /* RowOrder+CoreDataProperties.m in Sources */ = {isa = PBXBuildFile; fileRef = 81266F261D8BFC5E00BE87DB /* RowOrder+CoreDataProperties.m */; };
		81266F311D8BFC5E00BE87DB /* Services.m in Sources */ = {isa = PBXBuildFile; fileRef = 81266F281D8BFC5E00BE87DB /* Services.m */; };
		81266F321D8BFC5E00BE87DB /* Services+CoreDataProperties.m in Sources */ = {isa = PBXBuildFile; fileRef = 81266F2A1D8BFC5E00BE87DB /* Services+CoreDataProperties.m */; };
		817E86E21D82BE74007E24E2 /* main.m in Sources */ = {isa = PBXBuildFile; fileRef = 817E86E11D82BE74007E24E2 /* main.m */; };
		817E86E51D82BE74007E24E2 /* AppDelegate.m in Sources */ = {isa = PBXBuildFile; fileRef = 817E86E41D82BE74007E24E2 /* AppDelegate.m */; };
		817E86E81D82BE74007E24E2 /* ViewController.m in Sources */ = {isa = PBXBuildFile; fileRef = 817E86E71D82BE74007E24E2 /* ViewController.m */; };
		817E86EB1D82BE74007E24E2 /* Main.storyboard in Resources */ = {isa = PBXBuildFile; fileRef = 817E86E91D82BE74007E24E2 /* Main.storyboard */; };
		817E86EE1D82BE74007E24E2 /* CoreDataExample.xcdatamodeld in Sources */ = {isa = PBXBuildFile; fileRef = 817E86EC1D82BE74007E24E2 /* CoreDataExample.xcdatamodeld */; };
		817E86F01D82BE74007E24E2 /* Assets.xcassets in Resources */ = {isa = PBXBuildFile; fileRef = 817E86EF1D82BE74007E24E2 /* Assets.xcassets */; };
		817E86F31D82BE74007E24E2 /* LaunchScreen.storyboard in Resources */ = {isa = PBXBuildFile; fileRef = 817E86F11D82BE74007E24E2 /* LaunchScreen.storyboard */; };
		81F327D01D83C71700FBFEF3 /* Foundation.framework in Frameworks */ = {isa = PBXBuildFile; fileRef = 81F327CF1D83C71700FBFEF3 /* Foundation.framework */; };
		81F327D21D83C72200FBFEF3 /* UIKit.framework in Frameworks */ = {isa = PBXBuildFile; fileRef = 81F327D11D83C72200FBFEF3 /* UIKit.framework */; };
		81F327D41D83C72B00FBFEF3 /* CoreData.framework in Frameworks */ = {isa = PBXBuildFile; fileRef = 81F327D31D83C72B00FBFEF3 /* CoreData.framework */; };
		81F327F31D84291700FBFEF3 /* CoreDataStack.m in Sources */ = {isa = PBXBuildFile; fileRef = 81F327F21D84291700FBFEF3 /* CoreDataStack.m */; };
		81FCF8061D8B05C300A808BB /* LICENSE in Resources */ = {isa = PBXBuildFile; fileRef = 81FCF8051D8B05C300A808BB /* LICENSE */; };
/* End PBXBuildFile section */

/* Begin PBXFileReference section */
		81266F1B1D8BFC5E00BE87DB /* Customer.h */ = {isa = PBXFileReference; fileEncoding = 4; lastKnownFileType = sourcecode.c.h; name = Customer.h; path = CoreDataModel/Customer.h; sourceTree = "<group>"; };
		81266F1C1D8BFC5E00BE87DB /* Customer.m */ = {isa = PBXFileReference; fileEncoding = 4; lastKnownFileType = sourcecode.c.objc; name = Customer.m; path = CoreDataModel/Customer.m; sourceTree = "<group>"; };
		81266F1D1D8BFC5E00BE87DB /* Customer+CoreDataProperties.h */ = {isa = PBXFileReference; fileEncoding = 4; lastKnownFileType = sourcecode.c.h; name = "Customer+CoreDataProperties.h"; path = "CoreDataModel/Customer+CoreDataProperties.h"; sourceTree = "<group>"; };
		81266F1E1D8BFC5E00BE87DB /* Customer+CoreDataProperties.m */ = {isa = PBXFileReference; fileEncoding = 4; lastKnownFileType = sourcecode.c.objc; name = "Customer+CoreDataProperties.m"; path = "CoreDataModel/Customer+CoreDataProperties.m"; sourceTree = "<group>"; };
		81266F1F1D8BFC5E00BE87DB /* Order.h */ = {isa = PBXFileReference; fileEncoding = 4; lastKnownFileType = sourcecode.c.h; name = Order.h; path = CoreDataModel/Order.h; sourceTree = "<group>"; };
		81266F201D8BFC5E00BE87DB /* Order.m */ = {isa = PBXFileReference; fileEncoding = 4; lastKnownFileType = sourcecode.c.objc; name = Order.m; path = CoreDataModel/Order.m; sourceTree = "<group>"; };
		81266F211D8BFC5E00BE87DB /* Order+CoreDataProperties.h */ = {isa = PBXFileReference; fileEncoding = 4; lastKnownFileType = sourcecode.c.h; name = "Order+CoreDataProperties.h"; path = "CoreDataModel/Order+CoreDataProperties.h"; sourceTree = "<group>"; };
		81266F221D8BFC5E00BE87DB /* Order+CoreDataProperties.m */ = {isa = PBXFileReference; fileEncoding = 4; lastKnownFileType = sourcecode.c.objc; name = "Order+CoreDataProperties.m"; path = "CoreDataModel/Order+CoreDataProperties.m"; sourceTree = "<group>"; };
		81266F231D8BFC5E00BE87DB /* RowOrder.h */ = {isa = PBXFileReference; fileEncoding = 4; lastKnownFileType = sourcecode.c.h; name = RowOrder.h; path = CoreDataModel/RowOrder.h; sourceTree = "<group>"; };
		81266F241D8BFC5E00BE87DB /* RowOrder.m */ = {isa = PBXFileReference; fileEncoding = 4; lastKnownFileType = sourcecode.c.objc; name = RowOrder.m; path = CoreDataModel/RowOrder.m; sourceTree = "<group>"; };
		81266F251D8BFC5E00BE87DB /* RowOrder+CoreDataProperties.h */ = {isa = PBXFileReference; fileEncoding = 4; lastKnownFileType = sourcecode.c.h; name = "RowOrder+CoreDataProperties.h"; path = "CoreDataModel/RowOrder+CoreDataProperties.h"; sourceTree = "<group>"; };
		81266F261D8BFC5E00BE87DB /* RowOrder+CoreDataProperties.m */ = {isa = PBXFileReference; fileEncoding = 4; lastKnownFileType = sourcecode.c.objc; name = "RowOrder+CoreDataProperties.m"; path = "CoreDataModel/RowOrder+CoreDataProperties.m"; sourceTree = "<group>"; };
		81266F271D8BFC5E00BE87DB /* Services.h */ = {isa = PBXFileReference; fileEncoding = 4; lastKnownFileType = sourcecode.c.h; name = Services.h; path = CoreDataModel/Services.h; sourceTree = "<group>"; };
		81266F281D8BFC5E00BE87DB /* Services.m */ = {isa = PBXFileReference; fileEncoding = 4; lastKnownFileType = sourcecode.c.objc; name = Services.m; path = CoreDataModel/Services.m; sourceTree = "<group>"; };
		81266F291D8BFC5E00BE87DB /* Services+CoreDataProperties.h */ = {isa = PBXFileReference; fileEncoding = 4; lastKnownFileType = sourcecode.c.h; name = "Services+CoreDataProperties.h"; path = "CoreDataModel/Services+CoreDataProperties.h"; sourceTree = "<group>"; };
		81266F2A1D8BFC5E00BE87DB /* Services+CoreDataProperties.m */ = {isa = PBXFileReference; fileEncoding = 4; lastKnownFileType = sourcecode.c.objc; name = "Services+CoreDataProperties.m"; path = "CoreDataModel/Services+CoreDataProperties.m"; sourceTree = "<group>"; };
		817E86DD1D82BE74007E24E2 /* CoreDataExample.app */ = {isa = PBXFileReference; explicitFileType = wrapper.application; includeInIndex = 0; path = CoreDataExample.app; sourceTree = BUILT_PRODUCTS_DIR; };
		817E86E11D82BE74007E24E2 /* main.m */ = {isa = PBXFileReference; lastKnownFileType = sourcecode.c.objc; path = main.m; sourceTree = "<group>"; };
		817E86E31D82BE74007E24E2 /* AppDelegate.h */ = {isa = PBXFileReference; lastKnownFileType = sourcecode.c.h; path = AppDelegate.h; sourceTree = "<group>"; };
		817E86E41D82BE74007E24E2 /* AppDelegate.m */ = {isa = PBXFileReference; lastKnownFileType = sourcecode.c.objc; path = AppDelegate.m; sourceTree = "<group>"; };
		817E86E61D82BE74007E24E2 /* ViewController.h */ = {isa = PBXFileReference; lastKnownFileType = sourcecode.c.h; path = ViewController.h; sourceTree = "<group>"; };
		817E86E71D82BE74007E24E2 /* ViewController.m */ = {isa = PBXFileReference; lastKnownFileType = sourcecode.c.objc; path = ViewController.m; sourceTree = "<group>"; };
		817E86EA1D82BE74007E24E2 /* Base */ = {isa = PBXFileReference; lastKnownFileType = file.storyboard; name = Base; path = Base.lproj/Main.storyboard; sourceTree = "<group>"; };
		817E86ED1D82BE74007E24E2 /* CoreDataExample.xcdatamodel */ = {isa = PBXFileReference; lastKnownFileType = wrapper.xcdatamodel; path = CoreDataExample.xcdatamodel; sourceTree = "<group>"; };
		817E86EF1D82BE74007E24E2 /* Assets.xcassets */ = {isa = PBXFileReference; lastKnownFileType = folder.assetcatalog; path = Assets.xcassets; sourceTree = "<group>"; };
		817E86F21D82BE74007E24E2 /* Base */ = {isa = PBXFileReference; lastKnownFileType = file.storyboard; name = Base; path = Base.lproj/LaunchScreen.storyboard; sourceTree = "<group>"; };
		817E86F41D82BE74007E24E2 /* Info.plist */ = {isa = PBXFileReference; lastKnownFileType = text.plist.xml; path = Info.plist; sourceTree = "<group>"; };
		81F327CF1D83C71700FBFEF3 /* Foundation.framework */ = {isa = PBXFileReference; lastKnownFileType = wrapper.framework; name = Foundation.framework; path = System/Library/Frameworks/Foundation.framework; sourceTree = SDKROOT; };
		81F327D11D83C72200FBFEF3 /* UIKit.framework */ = {isa = PBXFileReference; lastKnownFileType = wrapper.framework; name = UIKit.framework; path = System/Library/Frameworks/UIKit.framework; sourceTree = SDKROOT; };
		81F327D31D83C72B00FBFEF3 /* CoreData.framework */ = {isa = PBXFileReference; lastKnownFileType = wrapper.framework; name = CoreData.framework; path = System/Library/Frameworks/CoreData.framework; sourceTree = SDKROOT; };
		81F327F11D84291700FBFEF3 /* CoreDataStack.h */ = {isa = PBXFileReference; fileEncoding = 4; lastKnownFileType = sourcecode.c.h; path = CoreDataStack.h; sourceTree = "<group>"; };
		81F327F21D84291700FBFEF3 /* CoreDataStack.m */ = {isa = PBXFileReference; fileEncoding = 4; lastKnownFileType = sourcecode.c.objc; path = CoreDataStack.m; sourceTree = "<group>"; };
		81FCF8051D8B05C300A808BB /* LICENSE */ = {isa = PBXFileReference; fileEncoding = 4; lastKnownFileType = text; path = LICENSE; sourceTree = "<group>"; };
/* End PBXFileReference section */

/* Begin PBXFrameworksBuildPhase section */
		817E86DA1D82BE74007E24E2 /* Frameworks */ = {
			isa = PBXFrameworksBuildPhase;
			buildActionMask = 2147483647;
			files = (
				81F327D41D83C72B00FBFEF3 /* CoreData.framework in Frameworks */,
				81F327D21D83C72200FBFEF3 /* UIKit.framework in Frameworks */,
				81F327D01D83C71700FBFEF3 /* Foundation.framework in Frameworks */,
			);
			runOnlyForDeploymentPostprocessing = 0;
		};
/* End PBXFrameworksBuildPhase section */

/* Begin PBXGroup section */
		817E86D41D82BE73007E24E2 = {
			isa = PBXGroup;
			children = (
				81FCF8051D8B05C300A808BB /* LICENSE */,
				81F327D51D83C86B00FBFEF3 /* Frameworks */,
				817E86DF1D82BE74007E24E2 /* CoreDataExample */,
				817E86DE1D82BE74007E24E2 /* Products */,
			);
			sourceTree = "<group>";
		};
		817E86DE1D82BE74007E24E2 /* Products */ = {
			isa = PBXGroup;
			children = (
				817E86DD1D82BE74007E24E2 /* CoreDataExample.app */,
			);
			name = Products;
			sourceTree = "<group>";
		};
		817E86DF1D82BE74007E24E2 /* CoreDataExample */ = {
			isa = PBXGroup;
			children = (
				817E86FD1D82BEC2007E24E2 /* API */,
				817E86FC1D82BEB3007E24E2 /* Controller */,
				817E86FB1D82BEAC007E24E2 /* View */,
				817E86FA1D82BEA7007E24E2 /* Model */,
				817E86E31D82BE74007E24E2 /* AppDelegate.h */,
				817E86E41D82BE74007E24E2 /* AppDelegate.m */,
				817E86E61D82BE74007E24E2 /* ViewController.h */,
				817E86E71D82BE74007E24E2 /* ViewController.m */,
				817E86E91D82BE74007E24E2 /* Main.storyboard */,
				817E86EF1D82BE74007E24E2 /* Assets.xcassets */,
				817E86F11D82BE74007E24E2 /* LaunchScreen.storyboard */,
				817E86F41D82BE74007E24E2 /* Info.plist */,
				817E86EC1D82BE74007E24E2 /* CoreDataExample.xcdatamodeld */,
				817E86E01D82BE74007E24E2 /* Supporting Files */,
			);
			path = CoreDataExample;
			sourceTree = "<group>";
		};
		817E86E01D82BE74007E24E2 /* Supporting Files */ = {
			isa = PBXGroup;
			children = (
				817E86E11D82BE74007E24E2 /* main.m */,
			);
			name = "Supporting Files";
			sourceTree = "<group>";
		};
		817E86FA1D82BEA7007E24E2 /* Model */ = {
			isa = PBXGroup;
			children = (
				81266F1B1D8BFC5E00BE87DB /* Customer.h */,
				81266F1C1D8BFC5E00BE87DB /* Customer.m */,
				81266F1D1D8BFC5E00BE87DB /* Customer+CoreDataProperties.h */,
				81266F1E1D8BFC5E00BE87DB /* Customer+CoreDataProperties.m */,
				81266F1F1D8BFC5E00BE87DB /* Order.h */,
				81266F201D8BFC5E00BE87DB /* Order.m */,
				81266F211D8BFC5E00BE87DB /* Order+CoreDataProperties.h */,
				81266F221D8BFC5E00BE87DB /* Order+CoreDataProperties.m */,
				81266F231D8BFC5E00BE87DB /* RowOrder.h */,
				81266F241D8BFC5E00BE87DB /* RowOrder.m */,
				81266F251D8BFC5E00BE87DB /* RowOrder+CoreDataProperties.h */,
				81266F261D8BFC5E00BE87DB /* RowOrder+CoreDataProperties.m */,
				81266F271D8BFC5E00BE87DB /* Services.h */,
				81266F281D8BFC5E00BE87DB /* Services.m */,
				81266F291D8BFC5E00BE87DB /* Services+CoreDataProperties.h */,
				81266F2A1D8BFC5E00BE87DB /* Services+CoreDataProperties.m */,
			);
			name = Model;
			sourceTree = "<group>";
		};
		817E86FB1D82BEAC007E24E2 /* View */ = {
			isa = PBXGroup;
			children = (
			);
			name = View;
			sourceTree = "<group>";
		};
		817E86FC1D82BEB3007E24E2 /* Controller */ = {
			isa = PBXGroup;
			children = (
			);
			name = Controller;
			sourceTree = "<group>";
		};
		817E86FD1D82BEC2007E24E2 /* API */ = {
			isa = PBXGroup;
			children = (
				81F327F11D84291700FBFEF3 /* CoreDataStack.h */,
				81F327F21D84291700FBFEF3 /* CoreDataStack.m */,
			);
			name = API;
			sourceTree = "<group>";
		};
		81F327D51D83C86B00FBFEF3 /* Frameworks */ = {
			isa = PBXGroup;
			children = (
				81F327D31D83C72B00FBFEF3 /* CoreData.framework */,
				81F327D11D83C72200FBFEF3 /* UIKit.framework */,
				81F327CF1D83C71700FBFEF3 /* Foundation.framework */,
			);
			name = Frameworks;
			sourceTree = "<group>";
		};
/* End PBXGroup section */

/* Begin PBXNativeTarget section */
		817E86DC1D82BE74007E24E2 /* CoreDataExample */ = {
			isa = PBXNativeTarget;
			buildConfigurationList = 817E86F71D82BE74007E24E2 /* Build configuration list for PBXNativeTarget "CoreDataExample" */;
			buildPhases = (
				817E86D91D82BE74007E24E2 /* Sources */,
				817E86DA1D82BE74007E24E2 /* Frameworks */,
				817E86DB1D82BE74007E24E2 /* Resources */,
			);
			buildRules = (
			);
			dependencies = (
			);
			name = CoreDataExample;
			productName = CoreDataExample;
			productReference = 817E86DD1D82BE74007E24E2 /* CoreDataExample.app */;
			productType = "com.apple.product-type.application";
		};
/* End PBXNativeTarget section */

/* Begin PBXProject section */
		817E86D51D82BE73007E24E2 /* Project object */ = {
			isa = PBXProject;
			attributes = {
				LastUpgradeCheck = 0730;
				ORGANIZATIONNAME = "Dmitriy Arkhipov";
				TargetAttributes = {
					817E86DC1D82BE74007E24E2 = {
						CreatedOnToolsVersion = 7.3.1;
					};
				};
			};
			buildConfigurationList = 817E86D81D82BE73007E24E2 /* Build configuration list for PBXProject "CoreDataExample" */;
			compatibilityVersion = "Xcode 3.2";
			developmentRegion = English;
			hasScannedForEncodings = 0;
			knownRegions = (
				en,
				Base,
			);
			mainGroup = 817E86D41D82BE73007E24E2;
			productRefGroup = 817E86DE1D82BE74007E24E2 /* Products */;
			projectDirPath = "";
			projectRoot = "";
			targets = (
				817E86DC1D82BE74007E24E2 /* CoreDataExample */,
			);
		};
/* End PBXProject section */

/* Begin PBXResourcesBuildPhase section */
		817E86DB1D82BE74007E24E2 /* Resources */ = {
			isa = PBXResourcesBuildPhase;
			buildActionMask = 2147483647;
			files = (
				817E86F31D82BE74007E24E2 /* LaunchScreen.storyboard in Resources */,
				817E86F01D82BE74007E24E2 /* Assets.xcassets in Resources */,
				81FCF8061D8B05C300A808BB /* LICENSE in Resources */,
				817E86EB1D82BE74007E24E2 /* Main.storyboard in Resources */,
			);
			runOnlyForDeploymentPostprocessing = 0;
		};
/* End PBXResourcesBuildPhase section */

/* Begin PBXSourcesBuildPhase section */
		817E86D91D82BE74007E24E2 /* Sources */ = {
			isa = PBXSourcesBuildPhase;
			buildActionMask = 2147483647;
			files = (
				817E86E81D82BE74007E24E2 /* ViewController.m in Sources */,
				81266F2B1D8BFC5E00BE87DB /* Customer.m in Sources */,
				81F327F31D84291700FBFEF3 /* CoreDataStack.m in Sources */,
				81266F301D8BFC5E00BE87DB /* RowOrder+CoreDataProperties.m in Sources */,
				81266F2F1D8BFC5E00BE87DB /* RowOrder.m in Sources */,
				81266F311D8BFC5E00BE87DB /* Services.m in Sources */,
				817E86E51D82BE74007E24E2 /* AppDelegate.m in Sources */,
				817E86E21D82BE74007E24E2 /* main.m in Sources */,
				817E86EE1D82BE74007E24E2 /* CoreDataExample.xcdatamodeld in Sources */,
				81266F2D1D8BFC5E00BE87DB /* Order.m in Sources */,
				81266F321D8BFC5E00BE87DB /* Services+CoreDataProperties.m in Sources */,
				81266F2E1D8BFC5E00BE87DB /* Order+CoreDataProperties.m in Sources */,
				81266F2C1D8BFC5E00BE87DB /* Customer+CoreDataProperties.m in Sources */,
			);
			runOnlyForDeploymentPostprocessing = 0;
		};
/* End PBXSourcesBuildPhase section */

/* Begin PBXVariantGroup section */
		817E86E91D82BE74007E24E2 /* Main.storyboard */ = {
			isa = PBXVariantGroup;
			children = (
				817E86EA1D82BE74007E24E2 /* Base */,
			);
			name = Main.storyboard;
			sourceTree = "<group>";
		};
		817E86F11D82BE74007E24E2 /* LaunchScreen.storyboard */ = {
			isa = PBXVariantGroup;
			children = (
				817E86F21D82BE74007E24E2 /* Base */,
			);
			name = LaunchScreen.storyboard;
			sourceTree = "<group>";
		};
/* End PBXVariantGroup section */

/* Begin XCBuildConfiguration section */
		817E86F51D82BE74007E24E2 /* Debug */ = {
			isa = XCBuildConfiguration;
			buildSettings = {
				ALWAYS_SEARCH_USER_PATHS = NO;
				CLANG_ANALYZER_NONNULL = YES;
				CLANG_CXX_LANGUAGE_STANDARD = "gnu++0x";
				CLANG_CXX_LIBRARY = "libc++";
				CLANG_ENABLE_MODULES = YES;
				CLANG_ENABLE_OBJC_ARC = YES;
				CLANG_WARN_BOOL_CONVERSION = YES;
				CLANG_WARN_CONSTANT_CONVERSION = YES;
				CLANG_WARN_DIRECT_OBJC_ISA_USAGE = YES_ERROR;
				CLANG_WARN_EMPTY_BODY = YES;
				CLANG_WARN_ENUM_CONVERSION = YES;
				CLANG_WARN_INT_CONVERSION = YES;
				CLANG_WARN_OBJC_ROOT_CLASS = YES_ERROR;
				CLANG_WARN_UNREACHABLE_CODE = YES;
				CLANG_WARN__DUPLICATE_METHOD_MATCH = YES;
				"CODE_SIGN_IDENTITY[sdk=iphoneos*]" = "iPhone Developer";
				COPY_PHASE_STRIP = NO;
				DEBUG_INFORMATION_FORMAT = dwarf;
				ENABLE_STRICT_OBJC_MSGSEND = YES;
				ENABLE_TESTABILITY = YES;
				GCC_C_LANGUAGE_STANDARD = gnu99;
				GCC_DYNAMIC_NO_PIC = NO;
				GCC_NO_COMMON_BLOCKS = YES;
				GCC_OPTIMIZATION_LEVEL = 0;
				GCC_PREPROCESSOR_DEFINITIONS = (
					"DEBUG=1",
					"$(inherited)",
				);
				GCC_WARN_64_TO_32_BIT_CONVERSION = YES;
				GCC_WARN_ABOUT_RETURN_TYPE = YES_ERROR;
				GCC_WARN_UNDECLARED_SELECTOR = YES;
				GCC_WARN_UNINITIALIZED_AUTOS = YES_AGGRESSIVE;
				GCC_WARN_UNUSED_FUNCTION = YES;
				GCC_WARN_UNUSED_VARIABLE = YES;
				IPHONEOS_DEPLOYMENT_TARGET = 9.3;
				MTL_ENABLE_DEBUG_INFO = YES;
				ONLY_ACTIVE_ARCH = YES;
				SDKROOT = iphoneos;
				TARGETED_DEVICE_FAMILY = "1,2";
			};
			name = Debug;
		};
		817E86F61D82BE74007E24E2 /* Release */ = {
			isa = XCBuildConfiguration;
			buildSettings = {
				ALWAYS_SEARCH_USER_PATHS = NO;
				CLANG_ANALYZER_NONNULL = YES;
				CLANG_CXX_LANGUAGE_STANDARD = "gnu++0x";
				CLANG_CXX_LIBRARY = "libc++";
				CLANG_ENABLE_MODULES = YES;
				CLANG_ENABLE_OBJC_ARC = YES;
				CLANG_WARN_BOOL_CONVERSION = YES;
				CLANG_WARN_CONSTANT_CONVERSION = YES;
				CLANG_WARN_DIRECT_OBJC_ISA_USAGE = YES_ERROR;
				CLANG_WARN_EMPTY_BODY = YES;
				CLANG_WARN_ENUM_CONVERSION = YES;
				CLANG_WARN_INT_CONVERSION = YES;
				CLANG_WARN_OBJC_ROOT_CLASS = YES_ERROR;
				CLANG_WARN_UNREACHABLE_CODE = YES;
				CLANG_WARN__DUPLICATE_METHOD_MATCH = YES;
				"CODE_SIGN_IDENTITY[sdk=iphoneos*]" = "iPhone Developer";
				COPY_PHASE_STRIP = NO;
				DEBUG_INFORMATION_FORMAT = "dwarf-with-dsym";
				ENABLE_NS_ASSERTIONS = NO;
				ENABLE_STRICT_OBJC_MSGSEND = YES;
				GCC_C_LANGUAGE_STANDARD = gnu99;
				GCC_NO_COMMON_BLOCKS = YES;
				GCC_WARN_64_TO_32_BIT_CONVERSION = YES;
				GCC_WARN_ABOUT_RETURN_TYPE = YES_ERROR;
				GCC_WARN_UNDECLARED_SELECTOR = YES;
				GCC_WARN_UNINITIALIZED_AUTOS = YES_AGGRESSIVE;
				GCC_WARN_UNUSED_FUNCTION = YES;
				GCC_WARN_UNUSED_VARIABLE = YES;
				IPHONEOS_DEPLOYMENT_TARGET = 9.3;
				MTL_ENABLE_DEBUG_INFO = NO;
				SDKROOT = iphoneos;
				TARGETED_DEVICE_FAMILY = "1,2";
				VALIDATE_PRODUCT = YES;
			};
			name = Release;
		};
		817E86F81D82BE74007E24E2 /* Debug */ = {
			isa = XCBuildConfiguration;
			buildSettings = {
				ASSETCATALOG_COMPILER_APPICON_NAME = AppIcon;
				INFOPLIST_FILE = CoreDataExample/Info.plist;
				LD_RUNPATH_SEARCH_PATHS = "$(inherited) @executable_path/Frameworks";
				PRODUCT_BUNDLE_IDENTIFIER = com.dmitriyarkhipov.CoreDataExample;
				PRODUCT_NAME = "$(TARGET_NAME)";
			};
			name = Debug;
		};
		817E86F91D82BE74007E24E2 /* Release */ = {
			isa = XCBuildConfiguration;
			buildSettings = {
				ASSETCATALOG_COMPILER_APPICON_NAME = AppIcon;
				INFOPLIST_FILE = CoreDataExample/Info.plist;
				LD_RUNPATH_SEARCH_PATHS = "$(inherited) @executable_path/Frameworks";
				PRODUCT_BUNDLE_IDENTIFIER = com.dmitriyarkhipov.CoreDataExample;
				PRODUCT_NAME = "$(TARGET_NAME)";
			};
			name = Release;
		};
/* End XCBuildConfiguration section */

/* Begin XCConfigurationList section */
		817E86D81D82BE73007E24E2 /* Build configuration list for PBXProject "CoreDataExample" */ = {
			isa = XCConfigurationList;
			buildConfigurations = (
				817E86F51D82BE74007E24E2 /* Debug */,
				817E86F61D82BE74007E24E2 /* Release */,
			);
			defaultConfigurationIsVisible = 0;
			defaultConfigurationName = Release;
		};
		817E86F71D82BE74007E24E2 /* Build configuration list for PBXNativeTarget "CoreDataExample" */ = {
			isa = XCConfigurationList;
			buildConfigurations = (
				817E86F81D82BE74007E24E2 /* Debug */,
				817E86F91D82BE74007E24E2 /* Release */,
			);
			defaultConfigurationIsVisible = 0;
			defaultConfigurationName = Release;
		};
/* End XCConfigurationList section */

/* Begin XCVersionGroup section */
		817E86EC1D82BE74007E24E2 /* CoreDataExample.xcdatamodeld */ = {
			isa = XCVersionGroup;
			children = (
				817E86ED1D82BE74007E24E2 /* CoreDataExample.xcdatamodel */,
			);
			currentVersion = 817E86ED1D82BE74007E24E2 /* CoreDataExample.xcdatamodel */;
			path = CoreDataExample.xcdatamodeld;
			sourceTree = "<group>";
			versionGroupType = wrapper.xcdatamodel;
		};
/* End XCVersionGroup section */
	};
	rootObject = 817E86D51D82BE73007E24E2 /* Project object */;
}
